
Microsoft Visual Studio Solution File, Format Version 12.00
# Visual Studio Version 17
VisualStudioVersion = 17.11.35312.102
MinimumVisualStudioVersion = 10.0.40219.1
Project("{FAE04EC0-301F-11D3-BF4B-00C04F79EFBC}") = "JQUERY_BOOTSTRAP_15_10_2024_Martin_Sanchez_Malate", "JQUERY_BOOTSTRAP_15_10_2024_Martin_Sanchez_Malate\JQUERY_BOOTSTRAP_15_10_2024_Martin_Sanchez_Malate.csproj", "{1106605F-E7FA-4135-B8E1-0DA249B8F420}"
EndProject
Global
	GlobalSection(SolutionConfigurationPlatforms) = preSolution
		Debug|Any CPU = Debug|Any CPU
		Release|Any CPU = Release|Any CPU
	EndGlobalSection
	GlobalSection(ProjectConfigurationPlatforms) = postSolution
		{1106605F-E7FA-4135-B8E1-0DA249B8F420}.Debug|Any CPU.ActiveCfg = Debug|Any CPU
		{1106605F-E7FA-4135-B8E1-0DA249B8F420}.Debug|Any CPU.Build.0 = Debug|Any CPU
		{1106605F-E7FA-4135-B8E1-0DA249B8F420}.Release|Any CPU.ActiveCfg = Release|Any CPU
		{1106605F-E7FA-4135-B8E1-0DA249B8F420}.Release|Any CPU.Build.0 = Release|Any CPU
	EndGlobalSection
	GlobalSection(SolutionProperties) = preSolution
		HideSolutionNode = FALSE
	EndGlobalSection
	GlobalSection(ExtensibilityGlobals) = postSolution
		SolutionGuid = {74ED68B1-83BB-4482-93AF-7B45CDB72308}
	EndGlobalSection
EndGlobal
